
Microsoft Visual Studio Solution File, Format Version 12.00
# Visual Studio Version 17
VisualStudioVersion = 17.5.33516.290
MinimumVisualStudioVersion = 10.0.40219.1
Project("{2150E333-8FDC-42A3-9474-1A3956D46DE8}") = "0 - Apresentação", "0 - Apresentação", "{A7792A25-2094-4F6F-B24A-25DCC480FDE4}"
EndProject
Project("{2150E333-8FDC-42A3-9474-1A3956D46DE8}") = "1 - Domínio", "1 - Domínio", "{E07B99C3-38F2-46EB-93A6-B4648D051540}"
EndProject
Project("{FAE04EC0-301F-11D3-BF4B-00C04F79EFBC}") = "SOS.Dominio", "SOS.Dominio\SOS.Dominio.csproj", "{F5B47C6B-0D95-4C09-88F4-C25D3FCC7DD8}"
EndProject
Global
	GlobalSection(SolutionConfigurationPlatforms) = preSolution
		Debug|Any CPU = Debug|Any CPU
		Release|Any CPU = Release|Any CPU
	EndGlobalSection
	GlobalSection(ProjectConfigurationPlatforms) = postSolution
		{F5B47C6B-0D95-4C09-88F4-C25D3FCC7DD8}.Debug|Any CPU.ActiveCfg = Debug|Any CPU
		{F5B47C6B-0D95-4C09-88F4-C25D3FCC7DD8}.Debug|Any CPU.Build.0 = Debug|Any CPU
		{F5B47C6B-0D95-4C09-88F4-C25D3FCC7DD8}.Release|Any CPU.ActiveCfg = Release|Any CPU
		{F5B47C6B-0D95-4C09-88F4-C25D3FCC7DD8}.Release|Any CPU.Build.0 = Release|Any CPU
	EndGlobalSection
	GlobalSection(SolutionProperties) = preSolution
		HideSolutionNode = FALSE
	EndGlobalSection
	GlobalSection(NestedProjects) = preSolution
		{F5B47C6B-0D95-4C09-88F4-C25D3FCC7DD8} = {E07B99C3-38F2-46EB-93A6-B4648D051540}
	EndGlobalSection
	GlobalSection(ExtensibilityGlobals) = postSolution
		SolutionGuid = {10C8BD85-6F60-4379-A237-3EA1FCBF4962}
	EndGlobalSection
EndGlobal
